
Microsoft Visual Studio Solution File, Format Version 12.00
# Visual Studio Version 17
VisualStudioVersion = 17.5.002.0
MinimumVisualStudioVersion = 10.0.40219.1
Project("{9A19103F-16F7-4668-BE54-9A1E7A4F7556}") = "ISBNValidator", "ISBNValidator.csproj", "{D93B94A0-985F-4B43-99C5-A6A3B2020118}"
EndProject
Global
	GlobalSection(SolutionConfigurationPlatforms) = preSolution
		Debug|Any CPU = Debug|Any CPU
		Release|Any CPU = Release|Any CPU
	EndGlobalSection
	GlobalSection(ProjectConfigurationPlatforms) = postSolution
		{D93B94A0-985F-4B43-99C5-A6A3B2020118}.Debug|Any CPU.ActiveCfg = Debug|Any CPU
		{D93B94A0-985F-4B43-99C5-A6A3B2020118}.Debug|Any CPU.Build.0 = Debug|Any CPU
		{D93B94A0-985F-4B43-99C5-A6A3B2020118}.Release|Any CPU.ActiveCfg = Release|Any CPU
		{D93B94A0-985F-4B43-99C5-A6A3B2020118}.Release|Any CPU.Build.0 = Release|Any CPU
	EndGlobalSection
	GlobalSection(SolutionProperties) = preSolution
		HideSolutionNode = FALSE
	EndGlobalSection
	GlobalSection(ExtensibilityGlobals) = postSolution
		SolutionGuid = {7133CF71-1CD7-4621-AC84-EED0CB5C80EB}
	EndGlobalSection
EndGlobal
